{
  "name": "bcash_cls_lvl1",
  "version": "1.0.0",
  "lockfileVersion": 2,
  "requires": true,
  "packages": {
    "": {
      "version": "1.0.0",
      "license": "ISC",
      "dependencies": {
        "axios": "^0.21.3",
        "bcash": "github:badger-cash/bcash"
      }
    },
    "node_modules/axios": {
      "version": "0.21.3",
      "resolved": "https://registry.npmjs.org/axios/-/axios-0.21.3.tgz",
      "integrity": "sha512-JtoZ3Ndke/+Iwt5n+BgSli/3idTvpt5OjKyoCmz4LX5+lPiY5l7C1colYezhlxThjNa/NhngCUWZSZFypIFuaA==",
      "dependencies": {
        "follow-redirects": "^1.14.0"
      }
    },
    "node_modules/bcash": {
      "version": "2.0.0-dev",
      "resolved": "git+ssh://git@github.com/badger-cash/bcash.git#8a3acf1747fea18170c36c3ed33ce3f7c3126ddc",
      "bundleDependencies": [
        "bcfg",
        "bcrypto",
        "bcurl",
        "bdb",
        "bdns",
        "bevent",
        "bfile",
        "bfilter",
        "bheep",
        "binet",
        "blgr",
        "blru",
        "blst",
        "bmutex",
        "brq",
        "bs32",
        "bsert",
        "bsock",
        "bsocks",
        "btcp",
        "buffer-map",
        "bufio",
        "bupnp",
        "bval",
        "bweb",
        "loady",
        "n64",
        "nan"
      ],
      "license": "MIT",
      "dependencies": {
        "bcfg": "git+https://github.com/bcoin-org/bcfg.git#semver:~0.1.6",
        "bcrypto": "git+https://github.com/bcoin-org/bcrypto.git#semver:~5.0.4",
        "bcurl": "git+https://github.com/bcoin-org/bcurl.git#semver:^0.1.6",
        "bdb": "git+https://github.com/bcoin-org/bdb.git#semver:~1.2.1",
        "bdns": "git+https://github.com/bcoin-org/bdns.git#semver:~0.1.5",
        "bevent": "git+https://github.com/bcoin-org/bevent.git#semver:~0.1.5",
        "bfile": "git+https://github.com/bcoin-org/bfile.git#semver:~0.2.1",
        "bfilter": "git+https://github.com/bcoin-org/bfilter.git#semver:~2.0.0",
        "bheep": "git+https://github.com/bcoin-org/bheep.git#semver:~0.1.5",
        "binet": "git+https://github.com/bcoin-org/binet.git#semver:~0.3.5",
        "blgr": "git+https://github.com/bcoin-org/blgr.git#semver:~0.1.7",
        "blru": "git+https://github.com/bcoin-org/blru.git#semver:~0.1.6",
        "blst": "git+https://github.com/bcoin-org/blst.git#semver:~0.1.5",
        "bmutex": "git+https://github.com/bcoin-org/bmutex.git#semver:~0.1.6",
        "brq": "git+https://github.com/bcoin-org/brq.git#semver:~0.1.7",
        "bs32": "git+https://github.com/bcoin-org/bs32.git#semver:=0.1.6",
        "bsert": "git+https://github.com/chjj/bsert.git#semver:~0.0.10",
        "bsip": "^0.1.8",
        "bsock": "git+https://github.com/bcoin-org/bsock.git#semver:~0.1.9",
        "bsocks": "git+https://github.com/bcoin-org/bsocks.git#semver:~0.2.6",
        "bstring": "^0.3.8",
        "btcp": "git+https://github.com/bcoin-org/btcp.git#semver:~0.1.5",
        "buffer-map": "git+https://github.com/chjj/buffer-map.git#semver:~0.0.7",
        "bufio": "git+https://github.com/bcoin-org/bufio.git#semver:~1.0.6",
        "bupnp": "git+https://github.com/bcoin-org/bupnp.git#semver:~0.2.6",
        "bval": "git+https://github.com/bcoin-org/bval.git#semver:~0.1.6",
        "bweb": "git+https://github.com/bcoin-org/bweb.git#semver:=0.1.9",
        "loady": "git+https://github.com/chjj/loady.git#semver:~0.0.1",
        "mrmr": "^0.1.8",
        "n64": "git+https://github.com/chjj/n64.git#semver:~0.2.10",
        "nan": "git+https://github.com/braydonf/nan.git#semver:=2.14.0"
      },
      "bin": {
        "bcash": "bin/bcash",
        "bcash-cli": "bin/bcash-cli",
        "bcash-node": "bin/node",
        "bcash-spvnode": "bin/spvnode",
        "bwallet": "bin/bwallet",
        "bwallet-cli": "bin/bwallet-cli"
      },
      "engines": {
        "node": ">=10.0.0"
      }
    },
    "node_modules/bsert": {
      "version": "0.0.10",
      "resolved": "https://registry.npmjs.org/bsert/-/bsert-0.0.10.tgz",
      "integrity": "sha512-NHNwlac+WPy4t2LoNh8pXk8uaIGH3NSaIUbTTRXGpE2WEbq0te/tDykYHkFK57YKLPjv/aGHmbqvnGeVWDz57Q==",
      "engines": {
        "node": ">=8.0.0"
      }
    },
    "node_modules/bsip": {
      "version": "0.1.9",
      "resolved": "https://registry.npmjs.org/bsip/-/bsip-0.1.9.tgz",
      "integrity": "sha512-i7cVEfCthASPB3BYKS/pZN/D4kh4vToIlSAFcVBLNjzYl1UirT3E2PIGSfNnYR2qZ3UW1qnDavrWEHhLeSKt2A==",
      "hasInstallScript": true,
      "dependencies": {
        "bsert": "~0.0.10",
        "loady": "~0.0.1",
        "nan": "^2.13.1"
      },
      "engines": {
        "node": ">=8.0.0"
      }
    },
    "node_modules/bstring": {
      "version": "0.3.9",
      "resolved": "https://registry.npmjs.org/bstring/-/bstring-0.3.9.tgz",
      "integrity": "sha512-D95flI7SXL+UsQi9mW+hH+AK2AFfafIJi+3GbbyTAWMe2FqwR9keBxsjGiGd/JM+77Y9WsC+M4EhZVNVcym9jw==",
      "hasInstallScript": true,
      "dependencies": {
        "bsert": "~0.0.10",
        "loady": "~0.0.1",
        "nan": "^2.13.1"
      },
      "engines": {
        "node": ">=8.0.0"
      }
    },
    "node_modules/follow-redirects": {
      "version": "1.14.3",
      "resolved": "https://registry.npmjs.org/follow-redirects/-/follow-redirects-1.14.3.tgz",
      "integrity": "sha512-3MkHxknWMUtb23apkgz/83fDoe+y+qr0TdgacGIA7bew+QLBo3vdgEN2xEsuXNivpFy4CyDhBBZnNZOtalmenw==",
      "funding": [
        {
          "type": "individual",
          "url": "https://github.com/sponsors/RubenVerborgh"
        }
      ],
      "engines": {
        "node": ">=4.0"
      },
      "peerDependenciesMeta": {
        "debug": {
          "optional": true
        }
      }
    },
    "node_modules/loady": {
      "version": "0.0.5",
      "resolved": "https://registry.npmjs.org/loady/-/loady-0.0.5.tgz",
      "integrity": "sha512-uxKD2HIj042/HBx77NBcmEPsD+hxCgAtjEWlYNScuUjIsh/62Uyu39GOR68TBR68v+jqDL9zfftCWoUo4y03sQ==",
      "engines": {
        "node": ">=8.0.0"
      }
    },
    "node_modules/mrmr": {
      "version": "0.1.10",
      "resolved": "https://registry.npmjs.org/mrmr/-/mrmr-0.1.10.tgz",
      "integrity": "sha512-NJRJs+yJyRWwcTqLRf7O32n56UP1+UQoTrGVEoB3LMj0h2jlon790drDbxKvi5mK5k4HfC0cpNkxqHcrJK/evg==",
      "hasInstallScript": true,
      "dependencies": {
        "bsert": "~0.0.10",
        "loady": "~0.0.5"
      },
      "engines": {
        "node": ">=8.0.0"
      }
    },
    "node_modules/nan": {
      "version": "2.15.0",
      "resolved": "https://registry.npmjs.org/nan/-/nan-2.15.0.tgz",
      "integrity": "sha512-8ZtvEnA2c5aYCZYd1cvgdnU6cqwixRoYg70xPLWUws5ORTa/lnw+u4amixRS/Ac5U5mQVgp9pnlSUnbNWFaWZQ=="
    }
  },
  "dependencies": {
    "axios": {
      "version": "0.21.3",
      "resolved": "https://registry.npmjs.org/axios/-/axios-0.21.3.tgz",
      "integrity": "sha512-JtoZ3Ndke/+Iwt5n+BgSli/3idTvpt5OjKyoCmz4LX5+lPiY5l7C1colYezhlxThjNa/NhngCUWZSZFypIFuaA==",
      "requires": {
        "follow-redirects": "^1.14.0"
      }
    },
    "bcash": {
      "version": "git+ssh://git@github.com/badger-cash/bcash.git#8a3acf1747fea18170c36c3ed33ce3f7c3126ddc",
      "from": "bcash@github:badger-cash/bcash",
      "requires": {
        "bcfg": "git+https://github.com/bcoin-org/bcfg.git#semver:~0.1.6",
        "bcrypto": "git+https://github.com/bcoin-org/bcrypto.git#semver:~5.0.4",
        "bcurl": "git+https://github.com/bcoin-org/bcurl.git#semver:^0.1.6",
        "bdb": "git+https://github.com/bcoin-org/bdb.git#semver:~1.2.1",
        "bdns": "git+https://github.com/bcoin-org/bdns.git#semver:~0.1.5",
        "bevent": "git+https://github.com/bcoin-org/bevent.git#semver:~0.1.5",
        "bfile": "git+https://github.com/bcoin-org/bfile.git#semver:~0.2.1",
        "bfilter": "git+https://github.com/bcoin-org/bfilter.git#semver:~2.0.0",
        "bheep": "git+https://github.com/bcoin-org/bheep.git#semver:~0.1.5",
        "binet": "git+https://github.com/bcoin-org/binet.git#semver:~0.3.5",
        "blgr": "git+https://github.com/bcoin-org/blgr.git#semver:~0.1.7",
        "blru": "git+https://github.com/bcoin-org/blru.git#semver:~0.1.6",
        "blst": "git+https://github.com/bcoin-org/blst.git#semver:~0.1.5",
        "bmutex": "git+https://github.com/bcoin-org/bmutex.git#semver:~0.1.6",
        "brq": "git+https://github.com/bcoin-org/brq.git#semver:~0.1.7",
        "bs32": "git+https://github.com/bcoin-org/bs32.git#semver:=0.1.6",
        "bsert": "git+https://github.com/chjj/bsert.git#semver:~0.0.10",
        "bsip": "^0.1.8",
        "bsock": "git+https://github.com/bcoin-org/bsock.git#semver:~0.1.9",
        "bsocks": "git+https://github.com/bcoin-org/bsocks.git#semver:~0.2.6",
        "bstring": "^0.3.8",
        "btcp": "git+https://github.com/bcoin-org/btcp.git#semver:~0.1.5",
        "buffer-map": "git+https://github.com/chjj/buffer-map.git#semver:~0.0.7",
        "bufio": "git+https://github.com/bcoin-org/bufio.git#semver:~1.0.6",
        "bupnp": "git+https://github.com/bcoin-org/bupnp.git#semver:~0.2.6",
        "bval": "git+https://github.com/bcoin-org/bval.git#semver:~0.1.6",
        "bweb": "git+https://github.com/bcoin-org/bweb.git#semver:=0.1.9",
        "loady": "git+https://github.com/chjj/loady.git#semver:~0.0.1",
        "mrmr": "^0.1.8",
        "n64": "git+https://github.com/chjj/n64.git#semver:~0.2.10",
        "nan": "git+https://github.com/braydonf/nan.git#semver:=2.14.0"
      }
    },
    "bsert": {
      "version": "0.0.10",
      "resolved": "https://registry.npmjs.org/bsert/-/bsert-0.0.10.tgz",
      "integrity": "sha512-NHNwlac+WPy4t2LoNh8pXk8uaIGH3NSaIUbTTRXGpE2WEbq0te/tDykYHkFK57YKLPjv/aGHmbqvnGeVWDz57Q=="
    },
    "bsip": {
      "version": "0.1.9",
      "resolved": "https://registry.npmjs.org/bsip/-/bsip-0.1.9.tgz",
      "integrity": "sha512-i7cVEfCthASPB3BYKS/pZN/D4kh4vToIlSAFcVBLNjzYl1UirT3E2PIGSfNnYR2qZ3UW1qnDavrWEHhLeSKt2A==",
      "requires": {
        "bsert": "~0.0.10",
        "loady": "~0.0.1",
        "nan": "^2.13.1"
      }
    },
    "bstring": {
      "version": "0.3.9",
      "resolved": "https://registry.npmjs.org/bstring/-/bstring-0.3.9.tgz",
      "integrity": "sha512-D95flI7SXL+UsQi9mW+hH+AK2AFfafIJi+3GbbyTAWMe2FqwR9keBxsjGiGd/JM+77Y9WsC+M4EhZVNVcym9jw==",
      "requires": {
        "bsert": "~0.0.10",
        "loady": "~0.0.1",
        "nan": "^2.13.1"
      }
    },
    "follow-redirects": {
      "version": "1.14.3",
      "resolved": "https://registry.npmjs.org/follow-redirects/-/follow-redirects-1.14.3.tgz",
      "integrity": "sha512-3MkHxknWMUtb23apkgz/83fDoe+y+qr0TdgacGIA7bew+QLBo3vdgEN2xEsuXNivpFy4CyDhBBZnNZOtalmenw=="
    },
    "loady": {
      "version": "0.0.5",
      "resolved": "https://registry.npmjs.org/loady/-/loady-0.0.5.tgz",
      "integrity": "sha512-uxKD2HIj042/HBx77NBcmEPsD+hxCgAtjEWlYNScuUjIsh/62Uyu39GOR68TBR68v+jqDL9zfftCWoUo4y03sQ=="
    },
    "mrmr": {
      "version": "0.1.10",
      "resolved": "https://registry.npmjs.org/mrmr/-/mrmr-0.1.10.tgz",
      "integrity": "sha512-NJRJs+yJyRWwcTqLRf7O32n56UP1+UQoTrGVEoB3LMj0h2jlon790drDbxKvi5mK5k4HfC0cpNkxqHcrJK/evg==",
      "requires": {
        "bsert": "~0.0.10",
        "loady": "~0.0.5"
      }
    },
    "nan": {
      "version": "2.15.0",
      "resolved": "https://registry.npmjs.org/nan/-/nan-2.15.0.tgz",
      "integrity": "sha512-8ZtvEnA2c5aYCZYd1cvgdnU6cqwixRoYg70xPLWUws5ORTa/lnw+u4amixRS/Ac5U5mQVgp9pnlSUnbNWFaWZQ=="
    }
  }
}
